
Microsoft Visual Studio Solution File, Format Version 12.00
# Visual Studio Version 17
VisualStudioVersion = 17.6.33801.468
MinimumVisualStudioVersion = 10.0.40219.1
Project("{FAE04EC0-301F-11D3-BF4B-00C04F79EFBC}") = "Prova2", "Prova2\Prova2.csproj", "{84C960E8-93F5-43AF-989F-7CFE6F898A77}"
EndProject
Global
	GlobalSection(SolutionConfigurationPlatforms) = preSolution
		Debug|Any CPU = Debug|Any CPU
		Release|Any CPU = Release|Any CPU
	EndGlobalSection
	GlobalSection(ProjectConfigurationPlatforms) = postSolution
		{84C960E8-93F5-43AF-989F-7CFE6F898A77}.Debug|Any CPU.ActiveCfg = Debug|Any CPU
		{84C960E8-93F5-43AF-989F-7CFE6F898A77}.Debug|Any CPU.Build.0 = Debug|Any CPU
		{84C960E8-93F5-43AF-989F-7CFE6F898A77}.Release|Any CPU.ActiveCfg = Release|Any CPU
		{84C960E8-93F5-43AF-989F-7CFE6F898A77}.Release|Any CPU.Build.0 = Release|Any CPU
	EndGlobalSection
	GlobalSection(SolutionProperties) = preSolution
		HideSolutionNode = FALSE
	EndGlobalSection
	GlobalSection(ExtensibilityGlobals) = postSolution
		SolutionGuid = {6E0D4FE8-E72C-4EBF-A6B9-36DBE9C3EF5D}
	EndGlobalSection
EndGlobal
